
Microsoft Visual Studio Solution File, Format Version 11.00
# Visual Studio 2010
Project("{FAE04EC0-301F-11D3-BF4B-00C04F79EFBC}") = "Assembly-CSharp", "Assembly-CSharp.csproj", "{BADF15F6-B0FB-64B9-E548-3B04D1D6E6CE}"
EndProject
Global
	GlobalSection(SolutionConfigurationPlatforms) = preSolution
		Debug|Any CPU = Debug|Any CPU
		Release|Any CPU = Release|Any CPU
	EndGlobalSection
	GlobalSection(ProjectConfigurationPlatforms) = postSolution
		{BADF15F6-B0FB-64B9-E548-3B04D1D6E6CE}.Debug|Any CPU.ActiveCfg = Debug|Any CPU
		{BADF15F6-B0FB-64B9-E548-3B04D1D6E6CE}.Debug|Any CPU.Build.0 = Debug|Any CPU
		{BADF15F6-B0FB-64B9-E548-3B04D1D6E6CE}.Release|Any CPU.ActiveCfg = Release|Any CPU
		{BADF15F6-B0FB-64B9-E548-3B04D1D6E6CE}.Release|Any CPU.Build.0 = Release|Any CPU
	EndGlobalSection
	GlobalSection(SolutionProperties) = preSolution
		HideSolutionNode = FALSE
	EndGlobalSection
EndGlobal
